{
  "name": "agentstride",
  "version": "0.0.0",
  "lockfileVersion": 3,
  "requires": true,
  "packages": {
    "": {
      "name": "agentstride",
      "version": "0.0.0",
      "workspaces": [
        "packages/*",
        "examples/*"
      ],
      "devDependencies": {
        "@standard-schema/spec": "^1.1.0",
        "typescript": "^5.8.3",
        "zod": "^4.5.4"
      },
      "engines": {
        "node": ">=20"
      }
    },
    "examples/01-simple-agent": {
      "name": "@agentstride/example-simple-agent",
      "version": "0.0.0",
      "dependencies": {
        "@agentstride/core": "*"
      }
    },
    "examples/01-tool-agent": {
      "name": "@agentstride/example-tool-agent",
      "version": "0.0.0",
      "dependencies": {
        "@agentstride/core": "*",
        "zod": "^4.5.4"
      }
    },
    "examples/03-structured-output": {
      "name": "@agentstride/example-structured-output",
      "version": "0.0.0",
      "dependencies": {
        "@agentstride/core": "*",
        "zod": "^4.5.4"
      }
    },
    "examples/04-receptionist": {
      "name": "@agentstride/example-receptionist",
      "version": "0.0.0",
      "dependencies": {
        "@agentstride/core": "*",
        "zod": "^4.5.4"
      }
    },
    "examples/05-document-analysis": {
      "name": "@agentstride/example-document-analysis",
      "version": "0.0.0",
      "dependencies": {
        "@agentstride/core": "*",
        "@agentstride/rag": "*",
        "zod": "^4.5.4"
      }
    },
    "examples/06-backend-integration": {
      "name": "@agentstride/example-backend-integration",
      "version": "0.0.0",
      "dependencies": {
        "@agentstride/core": "*",
        "zod": "^4.5.4"
      }
    },
    "examples/07-openai": {
      "name": "@agentstride/example-openai",
      "version": "0.0.0",
      "dependencies": {
        "@agentstride/core": "*",
        "@agentstride/openai": "*"
      }
    },
    "examples/08-live-tool": {
      "name": "@agentstride/example-live-tool",
      "version": "0.0.0",
      "dependencies": {
        "@agentstride/core": "*",
        "@agentstride/openai": "*",
        "zod": "^4.5.4"
      }
    },
    "examples/09-live-structured": {
      "name": "@agentstride/example-live-structured",
      "version": "0.0.0",
      "dependencies": {
        "@agentstride/core": "*",
        "@agentstride/openai": "*",
        "zod": "^4.5.4"
      }
    },
    "examples/10-live-receptionist": {
      "name": "@agentstride/example-live-receptionist",
      "version": "0.0.0",
      "dependencies": {
        "@agentstride/core": "*",
        "@agentstride/openai": "*",
        "zod": "^4.5.4"
      }
    },
    "node_modules/@agentstride/a2a": {
      "resolved": "packages/a2a",
      "link": true
    },
    "node_modules/@agentstride/core": {
      "resolved": "packages/core",
      "link": true
    },
    "node_modules/@agentstride/example-backend-integration": {
      "resolved": "examples/06-backend-integration",
      "link": true
    },
    "node_modules/@agentstride/example-document-analysis": {
      "resolved": "examples/05-document-analysis",
      "link": true
    },
    "node_modules/@agentstride/example-live-receptionist": {
      "resolved": "examples/10-live-receptionist",
      "link": true
    },
    "node_modules/@agentstride/example-live-structured": {
      "resolved": "examples/09-live-structured",
      "link": true
    },
    "node_modules/@agentstride/example-live-tool": {
      "resolved": "examples/08-live-tool",
      "link": true
    },
    "node_modules/@agentstride/example-openai": {
      "resolved": "examples/07-openai",
      "link": true
    },
    "node_modules/@agentstride/example-receptionist": {
      "resolved": "examples/04-receptionist",
      "link": true
    },
    "node_modules/@agentstride/example-simple-agent": {
      "resolved": "examples/01-simple-agent",
      "link": true
    },
    "node_modules/@agentstride/example-structured-output": {
      "resolved": "examples/03-structured-output",
      "link": true
    },
    "node_modules/@agentstride/example-tool-agent": {
      "resolved": "examples/01-tool-agent",
      "link": true
    },
    "node_modules/@agentstride/mcp": {
      "resolved": "packages/mcp",
      "link": true
    },
    "node_modules/@agentstride/memory": {
      "resolved": "packages/memory",
      "link": true
    },
    "node_modules/@agentstride/migrate": {
      "resolved": "packages/migrate",
      "link": true
    },
    "node_modules/@agentstride/nestjs": {
      "resolved": "packages/nestjs",
      "link": true
    },
    "node_modules/@agentstride/openai": {
      "resolved": "packages/openai",
      "link": true
    },
    "node_modules/@agentstride/rag": {
      "resolved": "packages/rag",
      "link": true
    },
    "node_modules/@standard-schema/spec": {
      "version": "1.1.0",
      "resolved": "https://registry.npmjs.org/@standard-schema/spec/-/spec-1.1.0.tgz",
      "integrity": "sha512-l2aFy5jALhniG5HgqrD6jXLi/rUWrKvqN/qJx6yoJsgKhblVd+iqqU4RCXavm/jPityDo5TCvKMnpjKnOriy0w==",
      "license": "MIT"
    },
    "node_modules/typescript": {
      "version": "5.9.3",
      "resolved": "https://registry.npmjs.org/typescript/-/typescript-5.9.3.tgz",
      "integrity": "sha512-jl1vZzPDinLr9eUt3J/t7V6FgNEw9QjvBPdysz9KfQDD41fQrC2Y4vKQdiaUpFT4bXlb1RHhLpp8wtm6M5TgSw==",
      "dev": true,
      "license": "Apache-2.0",
      "bin": {
        "tsc": "bin/tsc",
        "tsserver": "bin/tsserver"
      },
      "engines": {
        "node": ">=14.17"
      }
    },
    "node_modules/zod": {
      "version": "4.5.4",
      "resolved": "https://registry.npmjs.org/zod/-/zod-4.5.4.tgz",
      "integrity": "sha512-sC95tT5iHHH9gtpj6A81kh+NEaRAUFN+qlUPDUbRfOMvNf5QCBqsb3WgvnpVtK5Y+4UfA6KqufotuTvMGiTlsA==",
      "license": "MIT",
      "funding": {
        "url": "https://github.com/sponsors/colinhacks"
      }
    },
    "packages/a2a": {
      "name": "@agentstride/a2a",
      "version": "0.0.0",
      "devDependencies": {
        "@agentstride/core": "*"
      },
      "peerDependencies": {
        "@agentstride/core": "*"
      }
    },
    "packages/core": {
      "name": "@agentstride/core",
      "version": "0.0.0",
      "dependencies": {
        "@standard-schema/spec": "^1.1.0"
      },
      "devDependencies": {
        "zod": "^4.5.4"
      }
    },
    "packages/mcp": {
      "name": "@agentstride/mcp",
      "version": "0.0.0",
      "devDependencies": {
        "@agentstride/core": "*"
      },
      "peerDependencies": {
        "@agentstride/core": "*"
      }
    },
    "packages/memory": {
      "name": "@agentstride/memory",
      "version": "0.0.0",
      "devDependencies": {
        "@agentstride/core": "*"
      },
      "peerDependencies": {
        "@agentstride/core": "*"
      }
    },
    "packages/migrate": {
      "name": "@agentstride/migrate",
      "version": "0.0.0",
      "devDependencies": {
        "@agentstride/core": "*"
      },
      "peerDependencies": {
        "@agentstride/core": "*"
      }
    },
    "packages/nestjs": {
      "name": "@agentstride/nestjs",
      "version": "0.0.0",
      "devDependencies": {
        "@agentstride/core": "*"
      },
      "peerDependencies": {
        "@agentstride/core": "*",
        "@nestjs/common": "^10.0.0 || ^11.0.0"
      },
      "peerDependenciesMeta": {
        "@nestjs/common": {
          "optional": true
        }
      }
    },
    "packages/openai": {
      "name": "@agentstride/openai",
      "version": "0.0.0",
      "devDependencies": {
        "@agentstride/core": "*"
      },
      "peerDependencies": {
        "@agentstride/core": "*"
      }
    },
    "packages/rag": {
      "name": "@agentstride/rag",
      "version": "0.0.0",
      "devDependencies": {
        "@agentstride/core": "*"
      },
      "peerDependencies": {
        "@agentstride/core": "*"
      }
    }
  }
}
