{
  "name": "agentstride",
  "version": "0.0.0",
  "lockfileVersion": 3,
  "requires": true,
  "packages": {
    "": {
      "name": "agentstride",
      "version": "0.0.0",
      "workspaces": [
        "packages/*",
        "examples/*"
      ],
      "devDependencies": {
        "@standard-schema/spec": "^1.1.0",
        "typescript": "^5.8.3",
        "zod": "^4.5.4"
      },
      "engines": {
        "node": ">=20"
      }
    },
    "examples/01-tool-agent": {
      "name": "@agentstride/example-tool-agent",
      "version": "0.0.0",
      "dependencies": {
        "@agentstride/core": "*",
        "zod": "^4.5.4"
      }
    },
    "node_modules/@agentstride/core": {
      "resolved": "packages/core",
      "link": true
    },
    "node_modules/@agentstride/example-tool-agent": {
      "resolved": "examples/01-tool-agent",
      "link": true
    },
    "node_modules/@standard-schema/spec": {
      "version": "1.1.0",
      "resolved": "https://registry.npmjs.org/@standard-schema/spec/-/spec-1.1.0.tgz",
      "integrity": "sha512-l2aFy5jALhniG5HgqrD6jXLi/rUWrKvqN/qJx6yoJsgKhblVd+iqqU4RCXavm/jPityDo5TCvKMnpjKnOriy0w==",
      "license": "MIT"
    },
    "node_modules/typescript": {
      "version": "5.9.3",
      "resolved": "https://registry.npmjs.org/typescript/-/typescript-5.9.3.tgz",
      "integrity": "sha512-jl1vZzPDinLr9eUt3J/t7V6FgNEw9QjvBPdysz9KfQDD41fQrC2Y4vKQdiaUpFT4bXlb1RHhLpp8wtm6M5TgSw==",
      "dev": true,
      "license": "Apache-2.0",
      "bin": {
        "tsc": "bin/tsc",
        "tsserver": "bin/tsserver"
      },
      "engines": {
        "node": ">=14.17"
      }
    },
    "node_modules/zod": {
      "version": "4.5.4",
      "resolved": "https://registry.npmjs.org/zod/-/zod-4.5.4.tgz",
      "integrity": "sha512-sC95tT5iHHH9gtpj6A81kh+NEaRAUFN+qlUPDUbRfOMvNf5QCBqsb3WgvnpVtK5Y+4UfA6KqufotuTvMGiTlsA==",
      "license": "MIT",
      "funding": {
        "url": "https://github.com/sponsors/colinhacks"
      }
    },
    "packages/core": {
      "name": "@agentstride/core",
      "version": "0.0.0",
      "dependencies": {
        "@standard-schema/spec": "^1.1.0"
      },
      "devDependencies": {
        "zod": "^4.5.4"
      }
    }
  }
}
